
Microsoft Visual Studio Solution File, Format Version 12.00
# Visual Studio Version 16
VisualStudioVersion = 16.0.30907.101
MinimumVisualStudioVersion = 10.0.40219.1
Project("{FAE04EC0-301F-11D3-BF4B-00C04F79EFBC}") = "ch-3-28-視窗練習1", "ch-3-28-視窗練習1\ch-3-28-視窗練習1.csproj", "{C9FD4982-72AE-4105-837D-9C37B15FB217}"
EndProject
Global
	GlobalSection(SolutionConfigurationPlatforms) = preSolution
		Debug|Any CPU = Debug|Any CPU
		Release|Any CPU = Release|Any CPU
	EndGlobalSection
	GlobalSection(ProjectConfigurationPlatforms) = postSolution
		{C9FD4982-72AE-4105-837D-9C37B15FB217}.Debug|Any CPU.ActiveCfg = Debug|Any CPU
		{C9FD4982-72AE-4105-837D-9C37B15FB217}.Debug|Any CPU.Build.0 = Debug|Any CPU
		{C9FD4982-72AE-4105-837D-9C37B15FB217}.Release|Any CPU.ActiveCfg = Release|Any CPU
		{C9FD4982-72AE-4105-837D-9C37B15FB217}.Release|Any CPU.Build.0 = Release|Any CPU
	EndGlobalSection
	GlobalSection(SolutionProperties) = preSolution
		HideSolutionNode = FALSE
	EndGlobalSection
	GlobalSection(ExtensibilityGlobals) = postSolution
		SolutionGuid = {4607A724-49E8-42BF-9A80-08EE61C90298}
	EndGlobalSection
EndGlobal
